
Microsoft Visual Studio Solution File, Format Version 12.00
Project("{FAE04EC0-301F-11D3-BF4B-00C04F79EFBC}") = "Evolo.Desktop", "Evolo.Desktop\Evolo.Desktop.csproj", "{32FB10DA-B25F-4EFE-86A6-77C53E47D38E}"
EndProject
Project("{FAE04EC0-301F-11D3-BF4B-00C04F79EFBC}") = "Evolo.Simulation.Core", "Evolo.Simulation.Core\Evolo.Simulation.Core.csproj", "{EF04BC3A-63B7-4DF5-82CE-352BC538E06B}"
EndProject
Project("{FAE04EC0-301F-11D3-BF4B-00C04F79EFBC}") = "Evolo.Simulation.Engine", "Evolo.Simulation.Engine\Evolo.Simulation.Engine.csproj", "{07CC536D-72FB-4CEA-901C-0B824440E1AF}"
EndProject
Project("{FAE04EC0-301F-11D3-BF4B-00C04F79EFBC}") = "Evolo.Renderer", "Evolo.Renderer\Evolo.Renderer.csproj", "{42BE5E76-E41B-4ECE-BA9A-31C39E358053}"
EndProject
Project("{2150E333-8FDC-42A3-9474-1A3956D46DE8}") = "Drawie", "Drawie", "{884DF45F-66B3-433E-BD51-BE1C5DE31793}"
EndProject
Project("{FAE04EC0-301F-11D3-BF4B-00C04F79EFBC}") = "DrawiEngine.Desktop", "Drawie\src\DrawiEngine.Desktop\DrawiEngine.Desktop.csproj", "{25880C64-0B2D-4653-91EA-5F0801E9BE20}"
EndProject
Project("{FAE04EC0-301F-11D3-BF4B-00C04F79EFBC}") = "Drawie.RenderApi.Vulkan", "Drawie\src\Drawie.RenderApi.Vulkan\Drawie.RenderApi.Vulkan.csproj", "{25D5CCC6-48AD-4EA1-85B3-254441ECBCB2}"
EndProject
Project("{FAE04EC0-301F-11D3-BF4B-00C04F79EFBC}") = "Drawie.RenderApi", "Drawie\src\Drawie.RenderApi\Drawie.RenderApi.csproj", "{A8BCFCB5-80EA-44A6-BD86-7AB2AD82811E}"
EndProject
Project("{FAE04EC0-301F-11D3-BF4B-00C04F79EFBC}") = "Drawie.Numerics", "Drawie\src\Drawie.Numerics\Drawie.Numerics.csproj", "{039F0A84-4E8E-4479-8E6D-B3D79778D88C}"
EndProject
Project("{FAE04EC0-301F-11D3-BF4B-00C04F79EFBC}") = "Drawie.Windowing.Glfw", "Drawie\src\Drawie.Windowing.Glfw\Drawie.Windowing.Glfw.csproj", "{3D76C1A0-9282-4221-BFE1-B778ECE8A902}"
EndProject
Project("{FAE04EC0-301F-11D3-BF4B-00C04F79EFBC}") = "Drawie.Windowing", "Drawie\src\Drawie.Windowing\Drawie.Windowing.csproj", "{F0F7EDCD-A0D1-4301-BBA8-8AC576FF2316}"
EndProject
Project("{FAE04EC0-301F-11D3-BF4B-00C04F79EFBC}") = "Drawie.Backend.Skia", "Drawie\src\Drawie.Backend.Skia\Drawie.Backend.Skia.csproj", "{1B9A9F90-970A-4C74-96CA-C5D10DBACD5F}"
EndProject
Project("{FAE04EC0-301F-11D3-BF4B-00C04F79EFBC}") = "Drawie.Backend.Core", "Drawie\src\Drawie.Backend.Core\Drawie.Backend.Core.csproj", "{9D4E432E-6007-487B-B38C-660F73CA0344}"
EndProject
Project("{FAE04EC0-301F-11D3-BF4B-00C04F79EFBC}") = "DrawiEngine", "Drawie\src\DrawiEngine\DrawiEngine.csproj", "{AE847594-AD50-4004-9111-4E03ADF9A41E}"
EndProject
Project("{FAE04EC0-301F-11D3-BF4B-00C04F79EFBC}") = "Drawie.RenderApi.OpenGl", "Drawie\src\Drawie.RenderApi.OpenGl\Drawie.RenderApi.OpenGl.csproj", "{A237461E-C94B-41E8-AB84-E0D050B5C312}"
EndProject
Project("{FAE04EC0-301F-11D3-BF4B-00C04F79EFBC}") = "Evolo", "Evolo\Evolo.csproj", "{153BCD50-29F1-4AEB-871E-9EBFA5B34291}"
EndProject
Project("{FAE04EC0-301F-11D3-BF4B-00C04F79EFBC}") = "Evolo.Physics", "Evolo.Physics\Evolo.Physics.csproj", "{D03A1EBE-E2C7-48AA-B2C7-E35D2A8904A0}"
EndProject
Project("{FAE04EC0-301F-11D3-BF4B-00C04F79EFBC}") = "Evolo.Browser", "Evolo.Browser\Evolo.Browser.csproj", "{152853F7-1FF0-4A80-8536-FB214F6A3505}"
EndProject
Project("{FAE04EC0-301F-11D3-BF4B-00C04F79EFBC}") = "DrawiEngine.Browser", "Drawie\src\DrawiEngine.Browser\DrawiEngine.Browser.csproj", "{AF80E1F0-1347-4B61-87CF-4818B4F6EB93}"
EndProject
Project("{FAE04EC0-301F-11D3-BF4B-00C04F79EFBC}") = "Drawie.RenderApi.WebGl", "Drawie\src\Drawie.RenderApi.WebGl\Drawie.RenderApi.WebGl.csproj", "{110DD69A-CC57-405D-96AE-A80C188609B8}"
EndProject
Project("{FAE04EC0-301F-11D3-BF4B-00C04F79EFBC}") = "Drawie.RenderApi.Web.Common", "Drawie\src\Drawie.RenderApi.Web.Common\Drawie.RenderApi.Web.Common.csproj", "{DA262AB1-002D-4E46-AF4C-4F1180B641ED}"
EndProject
Project("{FAE04EC0-301F-11D3-BF4B-00C04F79EFBC}") = "Drawie.JSInterop", "Drawie\src\Drawie.JSInterop\Drawie.JSInterop.csproj", "{D2DB966C-15B3-4C8C-80A5-75D3220A6E9E}"
EndProject
Project("{FAE04EC0-301F-11D3-BF4B-00C04F79EFBC}") = "Drawie.Windowing.Browser", "Drawie\src\Drawie.Windowing.Browser\Drawie.Windowing.Browser.csproj", "{B81ED711-C90F-4AEA-9218-474FC4F2F591}"
EndProject
Global
	GlobalSection(SolutionConfigurationPlatforms) = preSolution
		Debug|Any CPU = Debug|Any CPU
		Release|Any CPU = Release|Any CPU
	EndGlobalSection
	GlobalSection(ProjectConfigurationPlatforms) = postSolution
		{32FB10DA-B25F-4EFE-86A6-77C53E47D38E}.Debug|Any CPU.ActiveCfg = Debug|Any CPU
		{32FB10DA-B25F-4EFE-86A6-77C53E47D38E}.Debug|Any CPU.Build.0 = Debug|Any CPU
		{32FB10DA-B25F-4EFE-86A6-77C53E47D38E}.Release|Any CPU.ActiveCfg = Release|Any CPU
		{32FB10DA-B25F-4EFE-86A6-77C53E47D38E}.Release|Any CPU.Build.0 = Release|Any CPU
		{EF04BC3A-63B7-4DF5-82CE-352BC538E06B}.Debug|Any CPU.ActiveCfg = Debug|Any CPU
		{EF04BC3A-63B7-4DF5-82CE-352BC538E06B}.Debug|Any CPU.Build.0 = Debug|Any CPU
		{EF04BC3A-63B7-4DF5-82CE-352BC538E06B}.Release|Any CPU.ActiveCfg = Release|Any CPU
		{EF04BC3A-63B7-4DF5-82CE-352BC538E06B}.Release|Any CPU.Build.0 = Release|Any CPU
		{07CC536D-72FB-4CEA-901C-0B824440E1AF}.Debug|Any CPU.ActiveCfg = Debug|Any CPU
		{07CC536D-72FB-4CEA-901C-0B824440E1AF}.Debug|Any CPU.Build.0 = Debug|Any CPU
		{07CC536D-72FB-4CEA-901C-0B824440E1AF}.Release|Any CPU.ActiveCfg = Release|Any CPU
		{07CC536D-72FB-4CEA-901C-0B824440E1AF}.Release|Any CPU.Build.0 = Release|Any CPU
		{42BE5E76-E41B-4ECE-BA9A-31C39E358053}.Debug|Any CPU.ActiveCfg = Debug|Any CPU
		{42BE5E76-E41B-4ECE-BA9A-31C39E358053}.Debug|Any CPU.Build.0 = Debug|Any CPU
		{42BE5E76-E41B-4ECE-BA9A-31C39E358053}.Release|Any CPU.ActiveCfg = Release|Any CPU
		{42BE5E76-E41B-4ECE-BA9A-31C39E358053}.Release|Any CPU.Build.0 = Release|Any CPU
		{25880C64-0B2D-4653-91EA-5F0801E9BE20}.Debug|Any CPU.ActiveCfg = Debug|Any CPU
		{25880C64-0B2D-4653-91EA-5F0801E9BE20}.Debug|Any CPU.Build.0 = Debug|Any CPU
		{25880C64-0B2D-4653-91EA-5F0801E9BE20}.Release|Any CPU.ActiveCfg = Release|Any CPU
		{25880C64-0B2D-4653-91EA-5F0801E9BE20}.Release|Any CPU.Build.0 = Release|Any CPU
		{25D5CCC6-48AD-4EA1-85B3-254441ECBCB2}.Debug|Any CPU.ActiveCfg = Debug|Any CPU
		{25D5CCC6-48AD-4EA1-85B3-254441ECBCB2}.Debug|Any CPU.Build.0 = Debug|Any CPU
		{25D5CCC6-48AD-4EA1-85B3-254441ECBCB2}.Release|Any CPU.ActiveCfg = Release|Any CPU
		{25D5CCC6-48AD-4EA1-85B3-254441ECBCB2}.Release|Any CPU.Build.0 = Release|Any CPU
		{A8BCFCB5-80EA-44A6-BD86-7AB2AD82811E}.Debug|Any CPU.ActiveCfg = Debug|Any CPU
		{A8BCFCB5-80EA-44A6-BD86-7AB2AD82811E}.Debug|Any CPU.Build.0 = Debug|Any CPU
		{A8BCFCB5-80EA-44A6-BD86-7AB2AD82811E}.Release|Any CPU.ActiveCfg = Release|Any CPU
		{A8BCFCB5-80EA-44A6-BD86-7AB2AD82811E}.Release|Any CPU.Build.0 = Release|Any CPU
		{039F0A84-4E8E-4479-8E6D-B3D79778D88C}.Debug|Any CPU.ActiveCfg = Debug|Any CPU
		{039F0A84-4E8E-4479-8E6D-B3D79778D88C}.Debug|Any CPU.Build.0 = Debug|Any CPU
		{039F0A84-4E8E-4479-8E6D-B3D79778D88C}.Release|Any CPU.ActiveCfg = Release|Any CPU
		{039F0A84-4E8E-4479-8E6D-B3D79778D88C}.Release|Any CPU.Build.0 = Release|Any CPU
		{3D76C1A0-9282-4221-BFE1-B778ECE8A902}.Debug|Any CPU.ActiveCfg = Debug|Any CPU
		{3D76C1A0-9282-4221-BFE1-B778ECE8A902}.Debug|Any CPU.Build.0 = Debug|Any CPU
		{3D76C1A0-9282-4221-BFE1-B778ECE8A902}.Release|Any CPU.ActiveCfg = Release|Any CPU
		{3D76C1A0-9282-4221-BFE1-B778ECE8A902}.Release|Any CPU.Build.0 = Release|Any CPU
		{F0F7EDCD-A0D1-4301-BBA8-8AC576FF2316}.Debug|Any CPU.ActiveCfg = Debug|Any CPU
		{F0F7EDCD-A0D1-4301-BBA8-8AC576FF2316}.Debug|Any CPU.Build.0 = Debug|Any CPU
		{F0F7EDCD-A0D1-4301-BBA8-8AC576FF2316}.Release|Any CPU.ActiveCfg = Release|Any CPU
		{F0F7EDCD-A0D1-4301-BBA8-8AC576FF2316}.Release|Any CPU.Build.0 = Release|Any CPU
		{1B9A9F90-970A-4C74-96CA-C5D10DBACD5F}.Debug|Any CPU.ActiveCfg = Debug|Any CPU
		{1B9A9F90-970A-4C74-96CA-C5D10DBACD5F}.Debug|Any CPU.Build.0 = Debug|Any CPU
		{1B9A9F90-970A-4C74-96CA-C5D10DBACD5F}.Release|Any CPU.ActiveCfg = Release|Any CPU
		{1B9A9F90-970A-4C74-96CA-C5D10DBACD5F}.Release|Any CPU.Build.0 = Release|Any CPU
		{9D4E432E-6007-487B-B38C-660F73CA0344}.Debug|Any CPU.ActiveCfg = Debug|Any CPU
		{9D4E432E-6007-487B-B38C-660F73CA0344}.Debug|Any CPU.Build.0 = Debug|Any CPU
		{9D4E432E-6007-487B-B38C-660F73CA0344}.Release|Any CPU.ActiveCfg = Release|Any CPU
		{9D4E432E-6007-487B-B38C-660F73CA0344}.Release|Any CPU.Build.0 = Release|Any CPU
		{AE847594-AD50-4004-9111-4E03ADF9A41E}.Debug|Any CPU.ActiveCfg = Debug|Any CPU
		{AE847594-AD50-4004-9111-4E03ADF9A41E}.Debug|Any CPU.Build.0 = Debug|Any CPU
		{AE847594-AD50-4004-9111-4E03ADF9A41E}.Release|Any CPU.ActiveCfg = Release|Any CPU
		{AE847594-AD50-4004-9111-4E03ADF9A41E}.Release|Any CPU.Build.0 = Release|Any CPU
		{A237461E-C94B-41E8-AB84-E0D050B5C312}.Debug|Any CPU.ActiveCfg = Debug|Any CPU
		{A237461E-C94B-41E8-AB84-E0D050B5C312}.Debug|Any CPU.Build.0 = Debug|Any CPU
		{A237461E-C94B-41E8-AB84-E0D050B5C312}.Release|Any CPU.ActiveCfg = Release|Any CPU
		{A237461E-C94B-41E8-AB84-E0D050B5C312}.Release|Any CPU.Build.0 = Release|Any CPU
		{153BCD50-29F1-4AEB-871E-9EBFA5B34291}.Debug|Any CPU.ActiveCfg = Debug|Any CPU
		{153BCD50-29F1-4AEB-871E-9EBFA5B34291}.Debug|Any CPU.Build.0 = Debug|Any CPU
		{153BCD50-29F1-4AEB-871E-9EBFA5B34291}.Release|Any CPU.ActiveCfg = Release|Any CPU
		{153BCD50-29F1-4AEB-871E-9EBFA5B34291}.Release|Any CPU.Build.0 = Release|Any CPU
		{D03A1EBE-E2C7-48AA-B2C7-E35D2A8904A0}.Debug|Any CPU.ActiveCfg = Debug|Any CPU
		{D03A1EBE-E2C7-48AA-B2C7-E35D2A8904A0}.Debug|Any CPU.Build.0 = Debug|Any CPU
		{D03A1EBE-E2C7-48AA-B2C7-E35D2A8904A0}.Release|Any CPU.ActiveCfg = Release|Any CPU
		{D03A1EBE-E2C7-48AA-B2C7-E35D2A8904A0}.Release|Any CPU.Build.0 = Release|Any CPU
		{152853F7-1FF0-4A80-8536-FB214F6A3505}.Debug|Any CPU.ActiveCfg = Debug|Any CPU
		{152853F7-1FF0-4A80-8536-FB214F6A3505}.Debug|Any CPU.Build.0 = Debug|Any CPU
		{152853F7-1FF0-4A80-8536-FB214F6A3505}.Release|Any CPU.ActiveCfg = Release|Any CPU
		{152853F7-1FF0-4A80-8536-FB214F6A3505}.Release|Any CPU.Build.0 = Release|Any CPU
		{AF80E1F0-1347-4B61-87CF-4818B4F6EB93}.Debug|Any CPU.ActiveCfg = Debug|Any CPU
		{AF80E1F0-1347-4B61-87CF-4818B4F6EB93}.Debug|Any CPU.Build.0 = Debug|Any CPU
		{AF80E1F0-1347-4B61-87CF-4818B4F6EB93}.Release|Any CPU.ActiveCfg = Release|Any CPU
		{AF80E1F0-1347-4B61-87CF-4818B4F6EB93}.Release|Any CPU.Build.0 = Release|Any CPU
		{110DD69A-CC57-405D-96AE-A80C188609B8}.Debug|Any CPU.ActiveCfg = Debug|Any CPU
		{110DD69A-CC57-405D-96AE-A80C188609B8}.Debug|Any CPU.Build.0 = Debug|Any CPU
		{110DD69A-CC57-405D-96AE-A80C188609B8}.Release|Any CPU.ActiveCfg = Release|Any CPU
		{110DD69A-CC57-405D-96AE-A80C188609B8}.Release|Any CPU.Build.0 = Release|Any CPU
		{DA262AB1-002D-4E46-AF4C-4F1180B641ED}.Debug|Any CPU.ActiveCfg = Debug|Any CPU
		{DA262AB1-002D-4E46-AF4C-4F1180B641ED}.Debug|Any CPU.Build.0 = Debug|Any CPU
		{DA262AB1-002D-4E46-AF4C-4F1180B641ED}.Release|Any CPU.ActiveCfg = Release|Any CPU
		{DA262AB1-002D-4E46-AF4C-4F1180B641ED}.Release|Any CPU.Build.0 = Release|Any CPU
		{D2DB966C-15B3-4C8C-80A5-75D3220A6E9E}.Debug|Any CPU.ActiveCfg = Debug|Any CPU
		{D2DB966C-15B3-4C8C-80A5-75D3220A6E9E}.Debug|Any CPU.Build.0 = Debug|Any CPU
		{D2DB966C-15B3-4C8C-80A5-75D3220A6E9E}.Release|Any CPU.ActiveCfg = Release|Any CPU
		{D2DB966C-15B3-4C8C-80A5-75D3220A6E9E}.Release|Any CPU.Build.0 = Release|Any CPU
		{B81ED711-C90F-4AEA-9218-474FC4F2F591}.Debug|Any CPU.ActiveCfg = Debug|Any CPU
		{B81ED711-C90F-4AEA-9218-474FC4F2F591}.Debug|Any CPU.Build.0 = Debug|Any CPU
		{B81ED711-C90F-4AEA-9218-474FC4F2F591}.Release|Any CPU.ActiveCfg = Release|Any CPU
		{B81ED711-C90F-4AEA-9218-474FC4F2F591}.Release|Any CPU.Build.0 = Release|Any CPU
	EndGlobalSection
	GlobalSection(NestedProjects) = preSolution
		{25880C64-0B2D-4653-91EA-5F0801E9BE20} = {884DF45F-66B3-433E-BD51-BE1C5DE31793}
		{25D5CCC6-48AD-4EA1-85B3-254441ECBCB2} = {884DF45F-66B3-433E-BD51-BE1C5DE31793}
		{A8BCFCB5-80EA-44A6-BD86-7AB2AD82811E} = {884DF45F-66B3-433E-BD51-BE1C5DE31793}
		{039F0A84-4E8E-4479-8E6D-B3D79778D88C} = {884DF45F-66B3-433E-BD51-BE1C5DE31793}
		{3D76C1A0-9282-4221-BFE1-B778ECE8A902} = {884DF45F-66B3-433E-BD51-BE1C5DE31793}
		{F0F7EDCD-A0D1-4301-BBA8-8AC576FF2316} = {884DF45F-66B3-433E-BD51-BE1C5DE31793}
		{1B9A9F90-970A-4C74-96CA-C5D10DBACD5F} = {884DF45F-66B3-433E-BD51-BE1C5DE31793}
		{9D4E432E-6007-487B-B38C-660F73CA0344} = {884DF45F-66B3-433E-BD51-BE1C5DE31793}
		{AE847594-AD50-4004-9111-4E03ADF9A41E} = {884DF45F-66B3-433E-BD51-BE1C5DE31793}
		{A237461E-C94B-41E8-AB84-E0D050B5C312} = {884DF45F-66B3-433E-BD51-BE1C5DE31793}
		{AF80E1F0-1347-4B61-87CF-4818B4F6EB93} = {884DF45F-66B3-433E-BD51-BE1C5DE31793}
		{110DD69A-CC57-405D-96AE-A80C188609B8} = {884DF45F-66B3-433E-BD51-BE1C5DE31793}
		{DA262AB1-002D-4E46-AF4C-4F1180B641ED} = {884DF45F-66B3-433E-BD51-BE1C5DE31793}
		{D2DB966C-15B3-4C8C-80A5-75D3220A6E9E} = {884DF45F-66B3-433E-BD51-BE1C5DE31793}
		{B81ED711-C90F-4AEA-9218-474FC4F2F591} = {884DF45F-66B3-433E-BD51-BE1C5DE31793}
	EndGlobalSection
EndGlobal
